lockfileVersion: '9.0'

settings:
  autoInstallPeers: true
  excludeLinksFromLockfile: false

importers:

  .:
    dependencies:
      '@jiminp/comfy-box':
        specifier: github:123jimin-comfy/node-comfy-box
        version: https://codeload.github.com/123jimin-comfy/node-comfy-box/tar.gz/820caad91d59f7311623054366eace3689185b95
      '@stable-canvas/comfyui-client':
        specifier: ^1.4.1
        version: 1.4.1
      argparse:
        specifier: ^2.0.1
        version: 2.0.1
      toml:
        specifier: ^3.0.0
        version: 3.0.0
      ws:
        specifier: ^8.18.1
        version: 8.18.1
    devDependencies:
      '@types/argparse':
        specifier: ^2.0.17
        version: 2.0.17

packages:

  '@jiminp/comfy-box@https://codeload.github.com/123jimin-comfy/node-comfy-box/tar.gz/820caad91d59f7311623054366eace3689185b95':
    resolution: {tarball: https://codeload.github.com/123jimin-comfy/node-comfy-box/tar.gz/820caad91d59f7311623054366eace3689185b95}
    version: 0.0.1

  '@stable-canvas/comfyui-client@1.4.1':
    resolution: {integrity: sha512-d98eDPYC+QgZQ2MQZl5xXGC1h36M0Vqe3cwt0orgOisVgO49mhQNFOMPNtJ3oyPk4FXUPToDntwCKxEYg5FCCg==}

  '@types/argparse@2.0.17':
    resolution: {integrity: sha512-fueJssTf+4dW4HODshEGkIZbkLKHzgu1FvCI4cTc/MKum/534Euo3SrN+ilq8xgyHnOjtmg33/hee8iXLRg1XA==}

  argparse@2.0.1:
    resolution: {integrity: sha512-8+9WqebbFzpX9OR+Wa6O29asIogeRMzcGtAINdpMHHyAg10f05aSFVBbcEqGf/PXw1EjAZ+q2/bEBg3DvurK3Q==}

  toml@3.0.0:
    resolution: {integrity: sha512-y/mWCZinnvxjTKYhJ+pYxwD0mRLVvOtdS2Awbgxln6iEnt4rk0yBxeSBHkGJcPucRiG0e55mwWp+g/05rsrd6w==}

  wildcard-match@5.1.4:
    resolution: {integrity: sha512-wldeCaczs8XXq7hj+5d/F38JE2r7EXgb6WQDM84RVwxy81T/sxB5e9+uZLK9Q9oNz1mlvjut+QtvgaOQFPVq/g==}

  ws@8.18.1:
    resolution: {integrity: sha512-RKW2aJZMXeMxVpnZ6bck+RswznaxmzdULiBr6KY7XkTnW8uvt0iT9H5DkHUChXrc+uurzwa0rVI16n/Xzjdz1w==}
    engines: {node: '>=10.0.0'}
    peerDependencies:
      bufferutil: ^4.0.1
      utf-8-validate: '>=5.0.2'
    peerDependenciesMeta:
      bufferutil:
        optional: true
      utf-8-validate:
        optional: true

snapshots:

  '@jiminp/comfy-box@https://codeload.github.com/123jimin-comfy/node-comfy-box/tar.gz/820caad91d59f7311623054366eace3689185b95':
    dependencies:
      '@stable-canvas/comfyui-client': 1.4.1
      wildcard-match: 5.1.4

  '@stable-canvas/comfyui-client@1.4.1': {}

  '@types/argparse@2.0.17': {}

  argparse@2.0.1: {}

  toml@3.0.0: {}

  wildcard-match@5.1.4: {}

  ws@8.18.1: {}
