lockfileVersion: '9.0'

settings:
  autoInstallPeers: true
  excludeLinksFromLockfile: false

importers:

  .:
    dependencies:
      '@jiminp/comfy-box':
        specifier: github:123jimin-comfy/node-comfy-box
        version: https://codeload.github.com/123jimin-comfy/node-comfy-box/tar.gz/12ee0e6274a823390714cb3946e14abfb35a758f
      '@stable-canvas/comfyui-client':
        specifier: ^1.5.9
        version: 1.5.9
      argparse:
        specifier: ^3.0.1
        version: 3.0.1
      toml:
        specifier: ^5.0.0
        version: 5.0.0
      ws:
        specifier: ^8.21.3
        version: 8.21.3

packages:

  '@jiminp/comfy-box@https://codeload.github.com/123jimin-comfy/node-comfy-box/tar.gz/12ee0e6274a823390714cb3946e14abfb35a758f':
    resolution: {tarball: https://codeload.github.com/123jimin-comfy/node-comfy-box/tar.gz/12ee0e6274a823390714cb3946e14abfb35a758f}
    version: 0.0.1

  '@stable-canvas/comfyui-client@1.5.9':
    resolution: {integrity: sha512-20SaRj8CfBms5ucfUHPwX5uhSuWaSjNCNSVFgTQ/cBq0A8myZiyFmP3k9IF1uisshVwOwdFEsdNLIbr3DnszUA==}

  argparse@3.0.1:
    resolution: {integrity: sha512-nM4mHF/KM1v59ZNKX7zfusQz5wUAxR511YG8Vo6TyiV4aqhu++rbJW4v04xsWhpSsHFj66flT8P7znVpyO20xQ==}

  toml@5.0.0:
    resolution: {integrity: sha512-bsqEd+g7fzlrw7LEynQ6W6aOK/lTOlepz5x1sJyIV9fTZVJS2Q76nuju6FK+gZhW5bUpvB7mCEqdR0u4WziMFw==}
    engines: {node: '>=20'}

  wildcard-match@5.1.4:
    resolution: {integrity: sha512-wldeCaczs8XXq7hj+5d/F38JE2r7EXgb6WQDM84RVwxy81T/sxB5e9+uZLK9Q9oNz1mlvjut+QtvgaOQFPVq/g==}

  ws@8.21.3:
    resolution: {integrity: sha512-201TZ/kPWxoPr/OKWjquZR1SWKXcvxdH+e1xrx89b3YbmzLMFCLfnaG1HFIgWzJOEWZ7MvpK++odZufgYR50Rw==}
    engines: {node: '>=10.0.0'}
    peerDependencies:
      bufferutil: ^4.0.1
      utf-8-validate: '>=5.0.2'
    peerDependenciesMeta:
      bufferutil:
        optional: true
      utf-8-validate:
        optional: true

snapshots:

  '@jiminp/comfy-box@https://codeload.github.com/123jimin-comfy/node-comfy-box/tar.gz/12ee0e6274a823390714cb3946e14abfb35a758f':
    dependencies:
      '@stable-canvas/comfyui-client': 1.5.9
      wildcard-match: 5.1.4

  '@stable-canvas/comfyui-client@1.5.9': {}

  argparse@3.0.1: {}

  toml@5.0.0: {}

  wildcard-match@5.1.4: {}

  ws@8.21.3: {}
